
Microsoft Visual Studio Solution File, Format Version 12.00
# Visual Studio Version 16
VisualStudioVersion = 16.0.29102.190
MinimumVisualStudioVersion = 10.0.40219.1
Project("{D954291E-2A0B-460D-934E-DC6B0785DB48}") = "Morro", "Morro\Morro.shproj", "{A0CDBD0E-3A41-42B7-9425-A838BC2C7383}"
EndProject
Project("{D954291E-2A0B-460D-934E-DC6B0785DB48}") = "Example", "Example\Example.shproj", "{FA0F3B9F-6F14-4C5D-BC19-12EC185CA9D2}"
EndProject
Project("{FAE04EC0-301F-11D3-BF4B-00C04F79EFBC}") = "Morro.Content.Pipeline", "Morro.Content.Pipeline\Morro.Content.Pipeline.csproj", "{14E9313C-F9E2-4EEE-A6E2-567FE11B1A52}"
EndProject
Project("{FAE04EC0-301F-11D3-BF4B-00C04F79EFBC}") = "Morro.Windows", "Morro.Windows\Morro.Windows.csproj", "{33924B0C-0116-40C4-917D-AC9B0E73A42B}"
EndProject
Project("{FAE04EC0-301F-11D3-BF4B-00C04F79EFBC}") = "Morro.DesktopGL", "Morro.DesktopGL\Morro.DesktopGL.csproj", "{E10777A5-BD3B-4BEE-9FB2-915A501E033E}"
EndProject
Global
	GlobalSection(SharedMSBuildProjectFiles) = preSolution
		Example\Example.projitems*{33924b0c-0116-40c4-917d-ac9b0e73a42b}*SharedItemsImports = 4
		Morro\Morro.projitems*{33924b0c-0116-40c4-917d-ac9b0e73a42b}*SharedItemsImports = 4
		Morro\Morro.projitems*{a0cdbd0e-3a41-42b7-9425-a838bc2c7383}*SharedItemsImports = 13
		Example\Example.projitems*{e10777a5-bd3b-4bee-9fb2-915a501e033e}*SharedItemsImports = 4
		Morro\Morro.projitems*{e10777a5-bd3b-4bee-9fb2-915a501e033e}*SharedItemsImports = 4
		Example\Example.projitems*{fa0f3b9f-6f14-4c5d-bc19-12ec185ca9d2}*SharedItemsImports = 13
	EndGlobalSection
	GlobalSection(SolutionConfigurationPlatforms) = preSolution
		Debug|Any CPU = Debug|Any CPU
		Debug|x86 = Debug|x86
		Release|Any CPU = Release|Any CPU
		Release|x86 = Release|x86
	EndGlobalSection
	GlobalSection(ProjectConfigurationPlatforms) = postSolution
		{14E9313C-F9E2-4EEE-A6E2-567FE11B1A52}.Debug|Any CPU.ActiveCfg = Debug|Any CPU
		{14E9313C-F9E2-4EEE-A6E2-567FE11B1A52}.Debug|Any CPU.Build.0 = Debug|Any CPU
		{14E9313C-F9E2-4EEE-A6E2-567FE11B1A52}.Debug|x86.ActiveCfg = Debug|Any CPU
		{14E9313C-F9E2-4EEE-A6E2-567FE11B1A52}.Debug|x86.Build.0 = Debug|Any CPU
		{14E9313C-F9E2-4EEE-A6E2-567FE11B1A52}.Release|Any CPU.ActiveCfg = Release|Any CPU
		{14E9313C-F9E2-4EEE-A6E2-567FE11B1A52}.Release|Any CPU.Build.0 = Release|Any CPU
		{14E9313C-F9E2-4EEE-A6E2-567FE11B1A52}.Release|x86.ActiveCfg = Release|Any CPU
		{14E9313C-F9E2-4EEE-A6E2-567FE11B1A52}.Release|x86.Build.0 = Release|Any CPU
		{33924B0C-0116-40C4-917D-AC9B0E73A42B}.Debug|Any CPU.ActiveCfg = Debug|x86
		{33924B0C-0116-40C4-917D-AC9B0E73A42B}.Debug|Any CPU.Build.0 = Debug|x86
		{33924B0C-0116-40C4-917D-AC9B0E73A42B}.Debug|x86.ActiveCfg = Debug|x86
		{33924B0C-0116-40C4-917D-AC9B0E73A42B}.Debug|x86.Build.0 = Debug|x86
		{33924B0C-0116-40C4-917D-AC9B0E73A42B}.Release|Any CPU.ActiveCfg = Release|x86
		{33924B0C-0116-40C4-917D-AC9B0E73A42B}.Release|Any CPU.Build.0 = Release|x86
		{33924B0C-0116-40C4-917D-AC9B0E73A42B}.Release|x86.ActiveCfg = Release|x86
		{33924B0C-0116-40C4-917D-AC9B0E73A42B}.Release|x86.Build.0 = Release|x86
		{E10777A5-BD3B-4BEE-9FB2-915A501E033E}.Debug|Any CPU.ActiveCfg = Debug|Any CPU
		{E10777A5-BD3B-4BEE-9FB2-915A501E033E}.Debug|Any CPU.Build.0 = Debug|Any CPU
		{E10777A5-BD3B-4BEE-9FB2-915A501E033E}.Debug|x86.ActiveCfg = Debug|Any CPU
		{E10777A5-BD3B-4BEE-9FB2-915A501E033E}.Debug|x86.Build.0 = Debug|Any CPU
		{E10777A5-BD3B-4BEE-9FB2-915A501E033E}.Release|Any CPU.ActiveCfg = Release|Any CPU
		{E10777A5-BD3B-4BEE-9FB2-915A501E033E}.Release|Any CPU.Build.0 = Release|Any CPU
		{E10777A5-BD3B-4BEE-9FB2-915A501E033E}.Release|x86.ActiveCfg = Release|Any CPU
		{E10777A5-BD3B-4BEE-9FB2-915A501E033E}.Release|x86.Build.0 = Release|Any CPU
	EndGlobalSection
	GlobalSection(SolutionProperties) = preSolution
		HideSolutionNode = FALSE
	EndGlobalSection
	GlobalSection(ExtensibilityGlobals) = postSolution
		SolutionGuid = {DCAAE065-34E8-4E1B-8DB4-0AB51F841AF9}
	EndGlobalSection
EndGlobal
