
Microsoft Visual Studio Solution File, Format Version 12.00
# Visual Studio Version 16
VisualStudioVersion = 16.0.29102.190
MinimumVisualStudioVersion = 10.0.40219.1
Project("{D954291E-2A0B-460D-934E-DC6B0785DB48}") = "Morro", "Morro\Morro.shproj", "{A0CDBD0E-3A41-42B7-9425-A838BC2C7383}"
EndProject
Project("{FAE04EC0-301F-11D3-BF4B-00C04F79EFBC}") = "OpenGL", "OpenGL\OpenGL.csproj", "{2BBD2D2A-EEA1-40E6-9DE8-6358B0AE61B0}"
EndProject
Global
	GlobalSection(SharedMSBuildProjectFiles) = preSolution
		Morro\Morro.projitems*{2bbd2d2a-eea1-40e6-9de8-6358b0ae61b0}*SharedItemsImports = 4
		Morro\Morro.projitems*{a0cdbd0e-3a41-42b7-9425-a838bc2c7383}*SharedItemsImports = 13
	EndGlobalSection
	GlobalSection(SolutionConfigurationPlatforms) = preSolution
		Debug|Any CPU = Debug|Any CPU
		Release|Any CPU = Release|Any CPU
	EndGlobalSection
	GlobalSection(ProjectConfigurationPlatforms) = postSolution
		{2BBD2D2A-EEA1-40E6-9DE8-6358B0AE61B0}.Debug|Any CPU.ActiveCfg = Debug|Any CPU
		{2BBD2D2A-EEA1-40E6-9DE8-6358B0AE61B0}.Debug|Any CPU.Build.0 = Debug|Any CPU
		{2BBD2D2A-EEA1-40E6-9DE8-6358B0AE61B0}.Release|Any CPU.ActiveCfg = Release|Any CPU
		{2BBD2D2A-EEA1-40E6-9DE8-6358B0AE61B0}.Release|Any CPU.Build.0 = Release|Any CPU
	EndGlobalSection
	GlobalSection(SolutionProperties) = preSolution
		HideSolutionNode = FALSE
	EndGlobalSection
	GlobalSection(ExtensibilityGlobals) = postSolution
		SolutionGuid = {DCAAE065-34E8-4E1B-8DB4-0AB51F841AF9}
	EndGlobalSection
EndGlobal
